
Microsoft Visual Studio Solution File, Format Version 12.00
# Visual Studio 15
Project("{FAE04EC0-301F-11D3-BF4B-00C04F79EFBC}") = "CSharpBasicAlgorithms", "CSharpBasicAlgorithms\CSharpBasicAlgorithms.csproj", "{2A732A36-1D6C-42ED-975C-F4939026F58B}"
EndProject
Global
	GlobalSection(SolutionConfigurationPlatforms) = preSolution
		Debug|Any CPU = Debug|Any CPU
		Release|Any CPU = Release|Any CPU
	EndGlobalSection
	GlobalSection(ProjectConfigurationPlatforms) = postSolution
		{2A732A36-1D6C-42ED-975C-F4939026F58B}.Debug|Any CPU.ActiveCfg = Debug|Any CPU
		{2A732A36-1D6C-42ED-975C-F4939026F58B}.Debug|Any CPU.Build.0 = Debug|Any CPU
		{2A732A36-1D6C-42ED-975C-F4939026F58B}.Release|Any CPU.ActiveCfg = Release|Any CPU
		{2A732A36-1D6C-42ED-975C-F4939026F58B}.Release|Any CPU.Build.0 = Release|Any CPU
	EndGlobalSection
EndGlobal
